
Microsoft Visual Studio Solution File, Format Version 12.00
# Visual Studio Version 16
VisualStudioVersion = 16.0.30717.126
MinimumVisualStudioVersion = 10.0.40219.1
Project("{FAE04EC0-301F-11D3-BF4B-00C04F79EFBC}") = "TcpSocket", "TcpSocket\TcpSocket.csproj", "{5CA720C0-BCC0-4406-808E-D94308CBA15B}"
EndProject
Project("{FAE04EC0-301F-11D3-BF4B-00C04F79EFBC}") = "TcpSocket.Example", "TcpSocket.Example\TcpSocket.Example.csproj", "{8A496D03-5090-46AF-8C27-9A68975F41A9}"
EndProject
Global
	GlobalSection(SolutionConfigurationPlatforms) = preSolution
		Debug|Any CPU = Debug|Any CPU
		Release|Any CPU = Release|Any CPU
	EndGlobalSection
	GlobalSection(ProjectConfigurationPlatforms) = postSolution
		{5CA720C0-BCC0-4406-808E-D94308CBA15B}.Debug|Any CPU.ActiveCfg = Debug|Any CPU
		{5CA720C0-BCC0-4406-808E-D94308CBA15B}.Debug|Any CPU.Build.0 = Debug|Any CPU
		{5CA720C0-BCC0-4406-808E-D94308CBA15B}.Release|Any CPU.ActiveCfg = Release|Any CPU
		{5CA720C0-BCC0-4406-808E-D94308CBA15B}.Release|Any CPU.Build.0 = Release|Any CPU
		{8A496D03-5090-46AF-8C27-9A68975F41A9}.Debug|Any CPU.ActiveCfg = Debug|Any CPU
		{8A496D03-5090-46AF-8C27-9A68975F41A9}.Debug|Any CPU.Build.0 = Debug|Any CPU
		{8A496D03-5090-46AF-8C27-9A68975F41A9}.Release|Any CPU.ActiveCfg = Release|Any CPU
		{8A496D03-5090-46AF-8C27-9A68975F41A9}.Release|Any CPU.Build.0 = Release|Any CPU
	EndGlobalSection
	GlobalSection(SolutionProperties) = preSolution
		HideSolutionNode = FALSE
	EndGlobalSection
	GlobalSection(ExtensibilityGlobals) = postSolution
		SolutionGuid = {F764725B-E1DD-42F2-8533-AFB15C54DC9C}
	EndGlobalSection
EndGlobal
